
Microsoft Visual Studio Solution File, Format Version 12.00
# Visual Studio Version 17
VisualStudioVersion = 17.3.32901.215
MinimumVisualStudioVersion = 10.0.40219.1
Project("{FAE04EC0-301F-11D3-BF4B-00C04F79EFBC}") = "MyHttpServer", "MyHttpServer\MyHttpServer.csproj", "{983F3C61-5D4C-4C77-8C2A-D69E589650E9}"
EndProject
Global
	GlobalSection(SolutionConfigurationPlatforms) = preSolution
		Debug|Any CPU = Debug|Any CPU
		Release|Any CPU = Release|Any CPU
	EndGlobalSection
	GlobalSection(ProjectConfigurationPlatforms) = postSolution
		{983F3C61-5D4C-4C77-8C2A-D69E589650E9}.Debug|Any CPU.ActiveCfg = Debug|Any CPU
		{983F3C61-5D4C-4C77-8C2A-D69E589650E9}.Debug|Any CPU.Build.0 = Debug|Any CPU
		{983F3C61-5D4C-4C77-8C2A-D69E589650E9}.Release|Any CPU.ActiveCfg = Release|Any CPU
		{983F3C61-5D4C-4C77-8C2A-D69E589650E9}.Release|Any CPU.Build.0 = Release|Any CPU
	EndGlobalSection
	GlobalSection(SolutionProperties) = preSolution
		HideSolutionNode = FALSE
	EndGlobalSection
	GlobalSection(ExtensibilityGlobals) = postSolution
		SolutionGuid = {3E95C464-1EA5-4671-B88E-CFB65B7F06CC}
	EndGlobalSection
EndGlobal
